// !$*UTF8*$!
{
	archiveVersion = 1;
	classes = {
	};
	objectVersion = 46;
	objects = {

/* Begin PBXBuildFile section */
		C21884211D244BC300540629 /* AppDelegate.swift in Sources */ = {isa = PBXBuildFile; fileRef = C21884201D244BC300540629 /* AppDelegate.swift */; };
		C21884231D244BC300540629 /* ViewController.swift in Sources */ = {isa = PBXBuildFile; fileRef = C21884221D244BC300540629 /* ViewController.swift */; };
		C21884261D244BC300540629 /* Main.storyboard in Resources */ = {isa = PBXBuildFile; fileRef = C21884241D244BC300540629 /* Main.storyboard */; };
		C21884291D244BC300540629 /* swift_features.xcdatamodeld in Sources */ = {isa = PBXBuildFile; fileRef = C21884271D244BC300540629 /* swift_features.xcdatamodeld */; };
		C218842B1D244BC300540629 /* Assets.xcassets in Resources */ = {isa = PBXBuildFile; fileRef = C218842A1D244BC300540629 /* Assets.xcassets */; };
		C218842E1D244BC300540629 /* LaunchScreen.storyboard in Resources */ = {isa = PBXBuildFile; fileRef = C218842C1D244BC300540629 /* LaunchScreen.storyboard */; };
/* End PBXBuildFile section */

/* Begin PBXFileReference section */
		C218841D1D244BC200540629 /* swift-features.app */ = {isa = PBXFileReference; explicitFileType = wrapper.application; includeInIndex = 0; path = "swift-features.app"; sourceTree = BUILT_PRODUCTS_DIR; };
		C21884201D244BC300540629 /* AppDelegate.swift */ = {isa = PBXFileReference; lastKnownFileType = sourcecode.swift; path = AppDelegate.swift; sourceTree = "<group>"; };
		C21884221D244BC300540629 /* ViewController.swift */ = {isa = PBXFileReference; lastKnownFileType = sourcecode.swift; path = ViewController.swift; sourceTree = "<group>"; };
		C21884251D244BC300540629 /* Base */ = {isa = PBXFileReference; lastKnownFileType = file.storyboard; name = Base; path = Base.lproj/Main.storyboard; sourceTree = "<group>"; };
		C21884281D244BC300540629 /* swift_features.xcdatamodel */ = {isa = PBXFileReference; lastKnownFileType = wrapper.xcdatamodel; path = swift_features.xcdatamodel; sourceTree = "<group>"; };
		C218842A1D244BC300540629 /* Assets.xcassets */ = {isa = PBXFileReference; lastKnownFileType = folder.assetcatalog; path = Assets.xcassets; sourceTree = "<group>"; };
		C218842D1D244BC300540629 /* Base */ = {isa = PBXFileReference; lastKnownFileType = file.storyboard; name = Base; path = Base.lproj/LaunchScreen.storyboard; sourceTree = "<group>"; };
		C218842F1D244BC300540629 /* Info.plist */ = {isa = PBXFileReference; lastKnownFileType = text.plist.xml; path = Info.plist; sourceTree = "<group>"; };
/* End PBXFileReference section */

/* Begin PBXFrameworksBuildPhase section */
		C218841A1D244BC200540629 /* Frameworks */ = {
			isa = PBXFrameworksBuildPhase;
			buildActionMask = 2147483647;
			files = (
			);
			runOnlyForDeploymentPostprocessing = 0;
		};
/* End PBXFrameworksBuildPhase section */

/* Begin PBXGroup section */
		C21884141D244BC200540629 = {
			isa = PBXGroup;
			children = (
				C218841F1D244BC200540629 /* swift-features */,
				C218841E1D244BC200540629 /* Products */,
			);
			sourceTree = "<group>";
		};
		C218841E1D244BC200540629 /* Products */ = {
			isa = PBXGroup;
			children = (
				C218841D1D244BC200540629 /* swift-features.app */,
			);
			name = Products;
			sourceTree = "<group>";
		};
		C218841F1D244BC200540629 /* swift-features */ = {
			isa = PBXGroup;
			children = (
				C21884201D244BC300540629 /* AppDelegate.swift */,
				C21884221D244BC300540629 /* ViewController.swift */,
				C21884241D244BC300540629 /* Main.storyboard */,
				C218842A1D244BC300540629 /* Assets.xcassets */,
				C218842C1D244BC300540629 /* LaunchScreen.storyboard */,
				C218842F1D244BC300540629 /* Info.plist */,
				C21884271D244BC300540629 /* swift_features.xcdatamodeld */,
			);
			path = "swift-features";
			sourceTree = "<group>";
		};
/* End PBXGroup section */

/* Begin PBXNativeTarget section */
		C218841C1D244BC200540629 /* swift-features */ = {
			isa = PBXNativeTarget;
			buildConfigurationList = C21884321D244BC300540629 /* Build configuration list for PBXNativeTarget "swift-features" */;
			buildPhases = (
				C21884191D244BC200540629 /* Sources */,
				C218841A1D244BC200540629 /* Frameworks */,
				C218841B1D244BC200540629 /* Resources */,
			);
			buildRules = (
			);
			dependencies = (
			);
			name = "swift-features";
			productName = "swift-features";
			productReference = C218841D1D244BC200540629 /* swift-features.app */;
			productType = "com.apple.product-type.application";
		};
/* End PBXNativeTarget section */

/* Begin PBXProject section */
		C21884151D244BC200540629 /* Project object */ = {
			isa = PBXProject;
			attributes = {
				LastSwiftUpdateCheck = 0730;
				LastUpgradeCheck = 0730;
				ORGANIZATIONNAME = test;
				TargetAttributes = {
					C218841C1D244BC200540629 = {
						CreatedOnToolsVersion = 7.3;
					};
				};
			};
			buildConfigurationList = C21884181D244BC200540629 /* Build configuration list for PBXProject "swift-features" */;
			compatibilityVersion = "Xcode 3.2";
			developmentRegion = English;
			hasScannedForEncodings = 0;
			knownRegions = (
				en,
				Base,
			);
			mainGroup = C21884141D244BC200540629;
			productRefGroup = C218841E1D244BC200540629 /* Products */;
			projectDirPath = "";
			projectRoot = "";
			targets = (
				C218841C1D244BC200540629 /* swift-features */,
			);
		};
/* End PBXProject section */

/* Begin PBXResourcesBuildPhase section */
		C218841B1D244BC200540629 /* Resources */ = {
			isa = PBXResourcesBuildPhase;
			buildActionMask = 2147483647;
			files = (
				C218842E1D244BC300540629 /* LaunchScreen.storyboard in Resources */,
				C218842B1D244BC300540629 /* Assets.xcassets in Resources */,
				C21884261D244BC300540629 /* Main.storyboard in Resources */,
			);
			runOnlyForDeploymentPostprocessing = 0;
		};
/* End PBXResourcesBuildPhase section */

/* Begin PBXSourcesBuildPhase section */
		C21884191D244BC200540629 /* Sources */ = {
			isa = PBXSourcesBuildPhase;
			buildActionMask = 2147483647;
			files = (
				C21884231D244BC300540629 /* ViewController.swift in Sources */,
				C21884211D244BC300540629 /* AppDelegate.swift in Sources */,
				C21884291D244BC300540629 /* swift_features.xcdatamodeld in Sources */,
			);
			runOnlyForDeploymentPostprocessing = 0;
		};
/* End PBXSourcesBuildPhase section */

/* Begin PBXVariantGroup section */
		C21884241D244BC300540629 /* Main.storyboard */ = {
			isa = PBXVariantGroup;
			children = (
				C21884251D244BC300540629 /* Base */,
			);
			name = Main.storyboard;
			sourceTree = "<group>";
		};
		C218842C1D244BC300540629 /* LaunchScreen.storyboard */ = {
			isa = PBXVariantGroup;
			children = (
				C218842D1D244BC300540629 /* Base */,
			);
			name = LaunchScreen.storyboard;
			sourceTree = "<group>";
		};
/* End PBXVariantGroup section */

/* Begin XCBuildConfiguration section */
		C21884301D244BC300540629 /* Debug */ = {
			isa = XCBuildConfiguration;
			buildSettings = {
				ALWAYS_SEARCH_USER_PATHS = NO;
				CLANG_ANALYZER_NONNULL = YES;
				CLANG_CXX_LANGUAGE_STANDARD = "gnu++0x";
				CLANG_CXX_LIBRARY = "libc++";
				CLANG_ENABLE_MODULES = YES;
				CLANG_ENABLE_OBJC_ARC = YES;
				CLANG_WARN_BOOL_CONVERSION = YES;
				CLANG_WARN_CONSTANT_CONVERSION = YES;
				CLANG_WARN_DIRECT_OBJC_ISA_USAGE = YES_ERROR;
				CLANG_WARN_EMPTY_BODY = YES;
				CLANG_WARN_ENUM_CONVERSION = YES;
				CLANG_WARN_INT_CONVERSION = YES;
				CLANG_WARN_OBJC_ROOT_CLASS = YES_ERROR;
				CLANG_WARN_UNREACHABLE_CODE = YES;
				CLANG_WARN__DUPLICATE_METHOD_MATCH = YES;
				"CODE_SIGN_IDENTITY[sdk=iphoneos*]" = "iPhone Developer";
				COPY_PHASE_STRIP = NO;
				DEBUG_INFORMATION_FORMAT = dwarf;
				ENABLE_STRICT_OBJC_MSGSEND = YES;
				ENABLE_TESTABILITY = YES;
				GCC_C_LANGUAGE_STANDARD = gnu99;
				GCC_DYNAMIC_NO_PIC = NO;
				GCC_NO_COMMON_BLOCKS = YES;
				GCC_OPTIMIZATION_LEVEL = 0;
				GCC_PREPROCESSOR_DEFINITIONS = (
					"DEBUG=1",
					"$(inherited)",
				);
				GCC_WARN_64_TO_32_BIT_CONVERSION = YES;
				GCC_WARN_ABOUT_RETURN_TYPE = YES_ERROR;
				GCC_WARN_UNDECLARED_SELECTOR = YES;
				GCC_WARN_UNINITIALIZED_AUTOS = YES_AGGRESSIVE;
				GCC_WARN_UNUSED_FUNCTION = YES;
				GCC_WARN_UNUSED_VARIABLE = YES;
				IPHONEOS_DEPLOYMENT_TARGET = 9.3;
				MTL_ENABLE_DEBUG_INFO = YES;
				ONLY_ACTIVE_ARCH = YES;
				SDKROOT = iphoneos;
				SWIFT_OPTIMIZATION_LEVEL = "-Onone";
				TARGETED_DEVICE_FAMILY = "1,2";
			};
			name = Debug;
		};
		C21884311D244BC300540629 /* Release */ = {
			isa = XCBuildConfiguration;
			buildSettings = {
				ALWAYS_SEARCH_USER_PATHS = NO;
				CLANG_ANALYZER_NONNULL = YES;
				CLANG_CXX_LANGUAGE_STANDARD = "gnu++0x";
				CLANG_CXX_LIBRARY = "libc++";
				CLANG_ENABLE_MODULES = YES;
				CLANG_ENABLE_OBJC_ARC = YES;
				CLANG_WARN_BOOL_CONVERSION = YES;
				CLANG_WARN_CONSTANT_CONVERSION = YES;
				CLANG_WARN_DIRECT_OBJC_ISA_USAGE = YES_ERROR;
				CLANG_WARN_EMPTY_BODY = YES;
				CLANG_WARN_ENUM_CONVERSION = YES;
				CLANG_WARN_INT_CONVERSION = YES;
				CLANG_WARN_OBJC_ROOT_CLASS = YES_ERROR;
				CLANG_WARN_UNREACHABLE_CODE = YES;
				CLANG_WARN__DUPLICATE_METHOD_MATCH = YES;
				"CODE_SIGN_IDENTITY[sdk=iphoneos*]" = "iPhone Developer";
				COPY_PHASE_STRIP = NO;
				DEBUG_INFORMATION_FORMAT = "dwarf-with-dsym";
				ENABLE_NS_ASSERTIONS = NO;
				ENABLE_STRICT_OBJC_MSGSEND = YES;
				GCC_C_LANGUAGE_STANDARD = gnu99;
				GCC_NO_COMMON_BLOCKS = YES;
				GCC_WARN_64_TO_32_BIT_CONVERSION = YES;
				GCC_WARN_ABOUT_RETURN_TYPE = YES_ERROR;
				GCC_WARN_UNDECLARED_SELECTOR = YES;
				GCC_WARN_UNINITIALIZED_AUTOS = YES_AGGRESSIVE;
				GCC_WARN_UNUSED_FUNCTION = YES;
				GCC_WARN_UNUSED_VARIABLE = YES;
				IPHONEOS_DEPLOYMENT_TARGET = 9.3;
				MTL_ENABLE_DEBUG_INFO = NO;
				SDKROOT = iphoneos;
				TARGETED_DEVICE_FAMILY = "1,2";
				VALIDATE_PRODUCT = YES;
			};
			name = Release;
		};
		C21884331D244BC300540629 /* Debug */ = {
			isa = XCBuildConfiguration;
			buildSettings = {
				ASSETCATALOG_COMPILER_APPICON_NAME = AppIcon;
				INFOPLIST_FILE = "swift-features/Info.plist";
				LD_RUNPATH_SEARCH_PATHS = "$(inherited) @executable_path/Frameworks";
				PRODUCT_BUNDLE_IDENTIFIER = "test.swift-features";
				PRODUCT_NAME = "$(TARGET_NAME)";
			};
			name = Debug;
		};
		C21884341D244BC300540629 /* Release */ = {
			isa = XCBuildConfiguration;
			buildSettings = {
				ASSETCATALOG_COMPILER_APPICON_NAME = AppIcon;
				INFOPLIST_FILE = "swift-features/Info.plist";
				LD_RUNPATH_SEARCH_PATHS = "$(inherited) @executable_path/Frameworks";
				PRODUCT_BUNDLE_IDENTIFIER = "test.swift-features";
				PRODUCT_NAME = "$(TARGET_NAME)";
			};
			name = Release;
		};
/* End XCBuildConfiguration section */

/* Begin XCConfigurationList section */
		C21884181D244BC200540629 /* Build configuration list for PBXProject "swift-features" */ = {
			isa = XCConfigurationList;
			buildConfigurations = (
				C21884301D244BC300540629 /* Debug */,
				C21884311D244BC300540629 /* Release */,
			);
			defaultConfigurationIsVisible = 0;
			defaultConfigurationName = Release;
		};
		C21884321D244BC300540629 /* Build configuration list for PBXNativeTarget "swift-features" */ = {
			isa = XCConfigurationList;
			buildConfigurations = (
				C21884331D244BC300540629 /* Debug */,
				C21884341D244BC300540629 /* Release */,
			);
			defaultConfigurationIsVisible = 0;
		};
/* End XCConfigurationList section */

/* Begin XCVersionGroup section */
		C21884271D244BC300540629 /* swift_features.xcdatamodeld */ = {
			isa = XCVersionGroup;
			children = (
				C21884281D244BC300540629 /* swift_features.xcdatamodel */,
			);
			currentVersion = C21884281D244BC300540629 /* swift_features.xcdatamodel */;
			path = swift_features.xcdatamodeld;
			sourceTree = "<group>";
			versionGroupType = wrapper.xcdatamodel;
		};
/* End XCVersionGroup section */
	};
	rootObject = C21884151D244BC200540629 /* Project object */;
}
